
Microsoft Visual Studio Solution File, Format Version 12.00
# Visual Studio Version 17
VisualStudioVersion = 17.5.002.0
MinimumVisualStudioVersion = 10.0.40219.1
Project("{9A19103F-16F7-4668-BE54-9A1E7A4F7556}") = "0-queue", "0-queue\0-queue.csproj", "{93FFD1C8-7161-43CC-9E3E-D51DFDC531A1}"
EndProject
Project("{9A19103F-16F7-4668-BE54-9A1E7A4F7556}") = "1-enqueue", "1-enqueue\1-enqueue.csproj", "{BC57C382-5819-4CAD-B810-3CD2091F1AA4}"
EndProject
Project("{9A19103F-16F7-4668-BE54-9A1E7A4F7556}") = "2-dequeue", "2-dequeue\2-dequeue.csproj", "{E186C0B3-3D1D-4F2B-9D04-1257C04FF0BD}"
EndProject
Project("{9A19103F-16F7-4668-BE54-9A1E7A4F7556}") = "3-peek", "3-peek\3-peek.csproj", "{1E67821C-B51C-49EA-9ACF-036FCC68D42B}"
EndProject
Project("{9A19103F-16F7-4668-BE54-9A1E7A4F7556}") = "4-print", "4-print\4-print.csproj", "{F6BC69A7-A82F-47E1-9BF6-60AD9EA723C1}"
EndProject
Project("{9A19103F-16F7-4668-BE54-9A1E7A4F7556}") = "5-concatenate", "5-concatenate\5-concatenate.csproj", "{8250DC6F-E641-4D82-94B5-DED97617CFCE}"
EndProject
Global
	GlobalSection(SolutionConfigurationPlatforms) = preSolution
		Debug|Any CPU = Debug|Any CPU
		Release|Any CPU = Release|Any CPU
	EndGlobalSection
	GlobalSection(ProjectConfigurationPlatforms) = postSolution
		{93FFD1C8-7161-43CC-9E3E-D51DFDC531A1}.Debug|Any CPU.ActiveCfg = Debug|Any CPU
		{93FFD1C8-7161-43CC-9E3E-D51DFDC531A1}.Debug|Any CPU.Build.0 = Debug|Any CPU
		{93FFD1C8-7161-43CC-9E3E-D51DFDC531A1}.Release|Any CPU.ActiveCfg = Release|Any CPU
		{93FFD1C8-7161-43CC-9E3E-D51DFDC531A1}.Release|Any CPU.Build.0 = Release|Any CPU
		{BC57C382-5819-4CAD-B810-3CD2091F1AA4}.Debug|Any CPU.ActiveCfg = Debug|Any CPU
		{BC57C382-5819-4CAD-B810-3CD2091F1AA4}.Debug|Any CPU.Build.0 = Debug|Any CPU
		{BC57C382-5819-4CAD-B810-3CD2091F1AA4}.Release|Any CPU.ActiveCfg = Release|Any CPU
		{BC57C382-5819-4CAD-B810-3CD2091F1AA4}.Release|Any CPU.Build.0 = Release|Any CPU
		{E186C0B3-3D1D-4F2B-9D04-1257C04FF0BD}.Debug|Any CPU.ActiveCfg = Debug|Any CPU
		{E186C0B3-3D1D-4F2B-9D04-1257C04FF0BD}.Debug|Any CPU.Build.0 = Debug|Any CPU
		{E186C0B3-3D1D-4F2B-9D04-1257C04FF0BD}.Release|Any CPU.ActiveCfg = Release|Any CPU
		{E186C0B3-3D1D-4F2B-9D04-1257C04FF0BD}.Release|Any CPU.Build.0 = Release|Any CPU
		{1E67821C-B51C-49EA-9ACF-036FCC68D42B}.Debug|Any CPU.ActiveCfg = Debug|Any CPU
		{1E67821C-B51C-49EA-9ACF-036FCC68D42B}.Debug|Any CPU.Build.0 = Debug|Any CPU
		{1E67821C-B51C-49EA-9ACF-036FCC68D42B}.Release|Any CPU.ActiveCfg = Release|Any CPU
		{1E67821C-B51C-49EA-9ACF-036FCC68D42B}.Release|Any CPU.Build.0 = Release|Any CPU
		{F6BC69A7-A82F-47E1-9BF6-60AD9EA723C1}.Debug|Any CPU.ActiveCfg = Debug|Any CPU
		{F6BC69A7-A82F-47E1-9BF6-60AD9EA723C1}.Debug|Any CPU.Build.0 = Debug|Any CPU
		{F6BC69A7-A82F-47E1-9BF6-60AD9EA723C1}.Release|Any CPU.ActiveCfg = Release|Any CPU
		{F6BC69A7-A82F-47E1-9BF6-60AD9EA723C1}.Release|Any CPU.Build.0 = Release|Any CPU
		{8250DC6F-E641-4D82-94B5-DED97617CFCE}.Debug|Any CPU.ActiveCfg = Debug|Any CPU
		{8250DC6F-E641-4D82-94B5-DED97617CFCE}.Debug|Any CPU.Build.0 = Debug|Any CPU
		{8250DC6F-E641-4D82-94B5-DED97617CFCE}.Release|Any CPU.ActiveCfg = Release|Any CPU
		{8250DC6F-E641-4D82-94B5-DED97617CFCE}.Release|Any CPU.Build.0 = Release|Any CPU
	EndGlobalSection
	GlobalSection(SolutionProperties) = preSolution
		HideSolutionNode = FALSE
	EndGlobalSection
	GlobalSection(ExtensibilityGlobals) = postSolution
		SolutionGuid = {47C6C9FE-09AB-4EEF-9CA3-03FD5A9C1DE1}
	EndGlobalSection
EndGlobal
