
Microsoft Visual Studio Solution File, Format Version 12.00
# Visual Studio Version 17
VisualStudioVersion = 17.5.002.0
MinimumVisualStudioVersion = 10.0.40219.1
Project("{9A19103F-16F7-4668-BE54-9A1E7A4F7556}") = "0-universal_health", "0-universal_health\0-universal_health.csproj", "{B945A58F-F092-4F10-9E53-92D934E1EEE5}"
EndProject
Global
	GlobalSection(SolutionConfigurationPlatforms) = preSolution
		Debug|Any CPU = Debug|Any CPU
		Release|Any CPU = Release|Any CPU
	EndGlobalSection
	GlobalSection(ProjectConfigurationPlatforms) = postSolution
		{B945A58F-F092-4F10-9E53-92D934E1EEE5}.Debug|Any CPU.ActiveCfg = Debug|Any CPU
		{B945A58F-F092-4F10-9E53-92D934E1EEE5}.Debug|Any CPU.Build.0 = Debug|Any CPU
		{B945A58F-F092-4F10-9E53-92D934E1EEE5}.Release|Any CPU.ActiveCfg = Release|Any CPU
		{B945A58F-F092-4F10-9E53-92D934E1EEE5}.Release|Any CPU.Build.0 = Release|Any CPU
	EndGlobalSection
	GlobalSection(SolutionProperties) = preSolution
		HideSolutionNode = FALSE
	EndGlobalSection
	GlobalSection(ExtensibilityGlobals) = postSolution
		SolutionGuid = {CDF9AF42-0D0C-4BFA-8BDD-0EE50C706211}
	EndGlobalSection
EndGlobal
